
Microsoft Visual Studio Solution File, Format Version 12.00
# Visual Studio Version 17
VisualStudioVersion = 17.13.35919.96 d17.13
MinimumVisualStudioVersion = 10.0.40219.1
Project("{FAE04EC0-301F-11D3-BF4B-00C04F79EFBC}") = "CircodeApps", "CircodeApps.csproj", "{A43DD978-AC01-4D1A-A7C7-0EFEE33BAB2F}"
EndProject
Global
	GlobalSection(SolutionConfigurationPlatforms) = preSolution
		Debug|Any CPU = Debug|Any CPU
		Release|Any CPU = Release|Any CPU
	EndGlobalSection
	GlobalSection(ProjectConfigurationPlatforms) = postSolution
		{A43DD978-AC01-4D1A-A7C7-0EFEE33BAB2F}.Debug|Any CPU.ActiveCfg = Debug|Any CPU
		{A43DD978-AC01-4D1A-A7C7-0EFEE33BAB2F}.Debug|Any CPU.Build.0 = Debug|Any CPU
		{A43DD978-AC01-4D1A-A7C7-0EFEE33BAB2F}.Release|Any CPU.ActiveCfg = Release|Any CPU
		{A43DD978-AC01-4D1A-A7C7-0EFEE33BAB2F}.Release|Any CPU.Build.0 = Release|Any CPU
	EndGlobalSection
	GlobalSection(SolutionProperties) = preSolution
		HideSolutionNode = FALSE
	EndGlobalSection
	GlobalSection(ExtensibilityGlobals) = postSolution
		SolutionGuid = {2C2FBFA5-7ABD-40AF-9569-33A9ED298F55}
	EndGlobalSection
EndGlobal
